{
  "name": "health-report",
  "version": "1.0.0",
  "lockfileVersion": 1,
  "requires": true,
  "dependencies": {
    "crypto-js": {
      "version": "3.1.9-1",
      "resolved": "https://registry.npmjs.org/crypto-js/-/crypto-js-3.1.9-1.tgz",
      "integrity": "sha1-/aGedh/Ad+Af+/3G6f38WeiAbNg="
    },
    "mini-antui": {
      "version": "0.4.27",
      "resolved": "https://registry.npmjs.org/mini-antui/-/mini-antui-0.4.27.tgz",
      "integrity": "sha512-oRxy/rlUitUJrLX0ddYDP5RnJnHYDtzIRrzUv2JHTtEJECdQcFDvCezeCvk+KpdBl9pAXt5tMz50Nb0gMEnpYQ=="
    }
  }
}
